// !$*UTF8*$!
{
	archiveVersion = 1;
	classes = {
	};
	objectVersion = 46;
	objects = {

/* Begin PBXBuildFile section */
		05459EF71E4AF041007E7DF3 /* AppDelegate.swift in Sources */ = {isa = PBXBuildFile; fileRef = 05459EF61E4AF041007E7DF3 /* AppDelegate.swift */; };
		05459EFC1E4AF041007E7DF3 /* Main.storyboard in Resources */ = {isa = PBXBuildFile; fileRef = 05459EFA1E4AF041007E7DF3 /* Main.storyboard */; };
		05459EFE1E4AF041007E7DF3 /* Assets.xcassets in Resources */ = {isa = PBXBuildFile; fileRef = 05459EFD1E4AF041007E7DF3 /* Assets.xcassets */; };
		05459F011E4AF041007E7DF3 /* LaunchScreen.storyboard in Resources */ = {isa = PBXBuildFile; fileRef = 05459EFF1E4AF041007E7DF3 /* LaunchScreen.storyboard */; };
		05459F091E4AFA62007E7DF3 /* Images.xcassets in Resources */ = {isa = PBXBuildFile; fileRef = 05459F081E4AFA62007E7DF3 /* Images.xcassets */; };
/* End PBXBuildFile section */

/* Begin PBXFileReference section */
		05459EF31E4AF041007E7DF3 /* douyu.app */ = {isa = PBXFileReference; explicitFileType = wrapper.application; includeInIndex = 0; path = douyu.app; sourceTree = BUILT_PRODUCTS_DIR; };
		05459EF61E4AF041007E7DF3 /* AppDelegate.swift */ = {isa = PBXFileReference; lastKnownFileType = sourcecode.swift; path = AppDelegate.swift; sourceTree = "<group>"; };
		05459EFB1E4AF041007E7DF3 /* Base */ = {isa = PBXFileReference; lastKnownFileType = file.storyboard; name = Base; path = Base.lproj/Main.storyboard; sourceTree = "<group>"; };
		05459EFD1E4AF041007E7DF3 /* Assets.xcassets */ = {isa = PBXFileReference; lastKnownFileType = folder.assetcatalog; path = Assets.xcassets; sourceTree = "<group>"; };
		05459F001E4AF041007E7DF3 /* Base */ = {isa = PBXFileReference; lastKnownFileType = file.storyboard; name = Base; path = Base.lproj/LaunchScreen.storyboard; sourceTree = "<group>"; };
		05459F021E4AF042007E7DF3 /* Info.plist */ = {isa = PBXFileReference; lastKnownFileType = text.plist.xml; path = Info.plist; sourceTree = "<group>"; };
		05459F081E4AFA62007E7DF3 /* Images.xcassets */ = {isa = PBXFileReference; lastKnownFileType = folder.assetcatalog; path = Images.xcassets; sourceTree = "<group>"; };
/* End PBXFileReference section */

/* Begin PBXFrameworksBuildPhase section */
		05459EF01E4AF041007E7DF3 /* Frameworks */ = {
			isa = PBXFrameworksBuildPhase;
			buildActionMask = 2147483647;
			files = (
			);
			runOnlyForDeploymentPostprocessing = 0;
		};
/* End PBXFrameworksBuildPhase section */

/* Begin PBXGroup section */
		05459EEA1E4AF041007E7DF3 = {
			isa = PBXGroup;
			children = (
				05459EF51E4AF041007E7DF3 /* douyu */,
				05459EF41E4AF041007E7DF3 /* Products */,
			);
			sourceTree = "<group>";
		};
		05459EF41E4AF041007E7DF3 /* Products */ = {
			isa = PBXGroup;
			children = (
				05459EF31E4AF041007E7DF3 /* douyu.app */,
			);
			name = Products;
			sourceTree = "<group>";
		};
		05459EF51E4AF041007E7DF3 /* douyu */ = {
			isa = PBXGroup;
			children = (
				05459F0A1E4AFCCC007E7DF3 /* classes */,
				05459EF61E4AF041007E7DF3 /* AppDelegate.swift */,
				05459EFA1E4AF041007E7DF3 /* Main.storyboard */,
				05459EFD1E4AF041007E7DF3 /* Assets.xcassets */,
				05459EFF1E4AF041007E7DF3 /* LaunchScreen.storyboard */,
				05459F021E4AF042007E7DF3 /* Info.plist */,
				05459F081E4AFA62007E7DF3 /* Images.xcassets */,
			);
			path = douyu;
			sourceTree = "<group>";
		};
		05459F0A1E4AFCCC007E7DF3 /* classes */ = {
			isa = PBXGroup;
			children = (
				05459F0E1E4AFCCC007E7DF3 /* main */,
				05459F0B1E4AFCCC007E7DF3 /* Follow */,
				05459F0C1E4AFCCC007E7DF3 /* Home */,
				05459F0D1E4AFCCC007E7DF3 /* Live */,
				05459F0F1E4AFCCC007E7DF3 /* Profile */,
				05459F101E4AFCCC007E7DF3 /* Tools */,
			);
			path = classes;
			sourceTree = "<group>";
		};
		05459F0B1E4AFCCC007E7DF3 /* Follow */ = {
			isa = PBXGroup;
			children = (
			);
			path = Follow;
			sourceTree = "<group>";
		};
		05459F0C1E4AFCCC007E7DF3 /* Home */ = {
			isa = PBXGroup;
			children = (
			);
			path = Home;
			sourceTree = "<group>";
		};
		05459F0D1E4AFCCC007E7DF3 /* Live */ = {
			isa = PBXGroup;
			children = (
			);
			path = Live;
			sourceTree = "<group>";
		};
		05459F0E1E4AFCCC007E7DF3 /* main */ = {
			isa = PBXGroup;
			children = (
			);
			path = main;
			sourceTree = "<group>";
		};
		05459F0F1E4AFCCC007E7DF3 /* Profile */ = {
			isa = PBXGroup;
			children = (
			);
			path = Profile;
			sourceTree = "<group>";
		};
		05459F101E4AFCCC007E7DF3 /* Tools */ = {
			isa = PBXGroup;
			children = (
			);
			path = Tools;
			sourceTree = "<group>";
		};
/* End PBXGroup section */

/* Begin PBXNativeTarget section */
		05459EF21E4AF041007E7DF3 /* douyu */ = {
			isa = PBXNativeTarget;
			buildConfigurationList = 05459F051E4AF042007E7DF3 /* Build configuration list for PBXNativeTarget "douyu" */;
			buildPhases = (
				05459EEF1E4AF041007E7DF3 /* Sources */,
				05459EF01E4AF041007E7DF3 /* Frameworks */,
				05459EF11E4AF041007E7DF3 /* Resources */,
			);
			buildRules = (
			);
			dependencies = (
			);
			name = douyu;
			productName = douyu;
			productReference = 05459EF31E4AF041007E7DF3 /* douyu.app */;
			productType = "com.apple.product-type.application";
		};
/* End PBXNativeTarget section */

/* Begin PBXProject section */
		05459EEB1E4AF041007E7DF3 /* Project object */ = {
			isa = PBXProject;
			attributes = {
				LastSwiftUpdateCheck = 0820;
				LastUpgradeCheck = 0820;
				ORGANIZATIONNAME = jianguo_deng;
				TargetAttributes = {
					05459EF21E4AF041007E7DF3 = {
						CreatedOnToolsVersion = 8.2.1;
						ProvisioningStyle = Automatic;
					};
				};
			};
			buildConfigurationList = 05459EEE1E4AF041007E7DF3 /* Build configuration list for PBXProject "douyu" */;
			compatibilityVersion = "Xcode 3.2";
			developmentRegion = English;
			hasScannedForEncodings = 0;
			knownRegions = (
				en,
				Base,
			);
			mainGroup = 05459EEA1E4AF041007E7DF3;
			productRefGroup = 05459EF41E4AF041007E7DF3 /* Products */;
			projectDirPath = "";
			projectRoot = "";
			targets = (
				05459EF21E4AF041007E7DF3 /* douyu */,
			);
		};
/* End PBXProject section */

/* Begin PBXResourcesBuildPhase section */
		05459EF11E4AF041007E7DF3 /* Resources */ = {
			isa = PBXResourcesBuildPhase;
			buildActionMask = 2147483647;
			files = (
				05459F011E4AF041007E7DF3 /* LaunchScreen.storyboard in Resources */,
				05459F091E4AFA62007E7DF3 /* Images.xcassets in Resources */,
				05459EFE1E4AF041007E7DF3 /* Assets.xcassets in Resources */,
				05459EFC1E4AF041007E7DF3 /* Main.storyboard in Resources */,
			);
			runOnlyForDeploymentPostprocessing = 0;
		};
/* End PBXResourcesBuildPhase section */

/* Begin PBXSourcesBuildPhase section */
		05459EEF1E4AF041007E7DF3 /* Sources */ = {
			isa = PBXSourcesBuildPhase;
			buildActionMask = 2147483647;
			files = (
				05459EF71E4AF041007E7DF3 /* AppDelegate.swift in Sources */,
			);
			runOnlyForDeploymentPostprocessing = 0;
		};
/* End PBXSourcesBuildPhase section */

/* Begin PBXVariantGroup section */
		05459EFA1E4AF041007E7DF3 /* Main.storyboard */ = {
			isa = PBXVariantGroup;
			children = (
				05459EFB1E4AF041007E7DF3 /* Base */,
			);
			name = Main.storyboard;
			sourceTree = "<group>";
		};
		05459EFF1E4AF041007E7DF3 /* LaunchScreen.storyboard */ = {
			isa = PBXVariantGroup;
			children = (
				05459F001E4AF041007E7DF3 /* Base */,
			);
			name = LaunchScreen.storyboard;
			sourceTree = "<group>";
		};
/* End PBXVariantGroup section */

/* Begin XCBuildConfiguration section */
		05459F031E4AF042007E7DF3 /* Debug */ = {
			isa = XCBuildConfiguration;
			buildSettings = {
				ALWAYS_SEARCH_USER_PATHS = NO;
				CLANG_ANALYZER_NONNULL = YES;
				CLANG_CXX_LANGUAGE_STANDARD = "gnu++0x";
				CLANG_CXX_LIBRARY = "libc++";
				CLANG_ENABLE_MODULES = YES;
				CLANG_ENABLE_OBJC_ARC = YES;
				CLANG_WARN_BOOL_CONVERSION = YES;
				CLANG_WARN_CONSTANT_CONVERSION = YES;
				CLANG_WARN_DIRECT_OBJC_ISA_USAGE = YES_ERROR;
				CLANG_WARN_DOCUMENTATION_COMMENTS = YES;
				CLANG_WARN_EMPTY_BODY = YES;
				CLANG_WARN_ENUM_CONVERSION = YES;
				CLANG_WARN_INFINITE_RECURSION = YES;
				CLANG_WARN_INT_CONVERSION = YES;
				CLANG_WARN_OBJC_ROOT_CLASS = YES_ERROR;
				CLANG_WARN_SUSPICIOUS_MOVE = YES;
				CLANG_WARN_UNREACHABLE_CODE = YES;
				CLANG_WARN__DUPLICATE_METHOD_MATCH = YES;
				"CODE_SIGN_IDENTITY[sdk=iphoneos*]" = "iPhone Developer";
				COPY_PHASE_STRIP = NO;
				DEBUG_INFORMATION_FORMAT = dwarf;
				ENABLE_STRICT_OBJC_MSGSEND = YES;
				ENABLE_TESTABILITY = YES;
				GCC_C_LANGUAGE_STANDARD = gnu99;
				GCC_DYNAMIC_NO_PIC = NO;
				GCC_NO_COMMON_BLOCKS = YES;
				GCC_OPTIMIZATION_LEVEL = 0;
				GCC_PREPROCESSOR_DEFINITIONS = (
					"DEBUG=1",
					"$(inherited)",
				);
				GCC_WARN_64_TO_32_BIT_CONVERSION = YES;
				GCC_WARN_ABOUT_RETURN_TYPE = YES_ERROR;
				GCC_WARN_UNDECLARED_SELECTOR = YES;
				GCC_WARN_UNINITIALIZED_AUTOS = YES_AGGRESSIVE;
				GCC_WARN_UNUSED_FUNCTION = YES;
				GCC_WARN_UNUSED_VARIABLE = YES;
				IPHONEOS_DEPLOYMENT_TARGET = 10.2;
				MTL_ENABLE_DEBUG_INFO = YES;
				ONLY_ACTIVE_ARCH = YES;
				SDKROOT = iphoneos;
				SWIFT_ACTIVE_COMPILATION_CONDITIONS = DEBUG;
				SWIFT_OPTIMIZATION_LEVEL = "-Onone";
			};
			name = Debug;
		};
		05459F041E4AF042007E7DF3 /* Release */ = {
			isa = XCBuildConfiguration;
			buildSettings = {
				ALWAYS_SEARCH_USER_PATHS = NO;
				CLANG_ANALYZER_NONNULL = YES;
				CLANG_CXX_LANGUAGE_STANDARD = "gnu++0x";
				CLANG_CXX_LIBRARY = "libc++";
				CLANG_ENABLE_MODULES = YES;
				CLANG_ENABLE_OBJC_ARC = YES;
				CLANG_WARN_BOOL_CONVERSION = YES;
				CLANG_WARN_CONSTANT_CONVERSION = YES;
				CLANG_WARN_DIRECT_OBJC_ISA_USAGE = YES_ERROR;
				CLANG_WARN_DOCUMENTATION_COMMENTS = YES;
				CLANG_WARN_EMPTY_BODY = YES;
				CLANG_WARN_ENUM_CONVERSION = YES;
				CLANG_WARN_INFINITE_RECURSION = YES;
				CLANG_WARN_INT_CONVERSION = YES;
				CLANG_WARN_OBJC_ROOT_CLASS = YES_ERROR;
				CLANG_WARN_SUSPICIOUS_MOVE = YES;
				CLANG_WARN_UNREACHABLE_CODE = YES;
				CLANG_WARN__DUPLICATE_METHOD_MATCH = YES;
				"CODE_SIGN_IDENTITY[sdk=iphoneos*]" = "iPhone Developer";
				COPY_PHASE_STRIP = NO;
				DEBUG_INFORMATION_FORMAT = "dwarf-with-dsym";
				ENABLE_NS_ASSERTIONS = NO;
				ENABLE_STRICT_OBJC_MSGSEND = YES;
				GCC_C_LANGUAGE_STANDARD = gnu99;
				GCC_NO_COMMON_BLOCKS = YES;
				GCC_WARN_64_TO_32_BIT_CONVERSION = YES;
				GCC_WARN_ABOUT_RETURN_TYPE = YES_ERROR;
				GCC_WARN_UNDECLARED_SELECTOR = YES;
				GCC_WARN_UNINITIALIZED_AUTOS = YES_AGGRESSIVE;
				GCC_WARN_UNUSED_FUNCTION = YES;
				GCC_WARN_UNUSED_VARIABLE = YES;
				IPHONEOS_DEPLOYMENT_TARGET = 10.2;
				MTL_ENABLE_DEBUG_INFO = NO;
				SDKROOT = iphoneos;
				SWIFT_OPTIMIZATION_LEVEL = "-Owholemodule";
				VALIDATE_PRODUCT = YES;
			};
			name = Release;
		};
		05459F061E4AF042007E7DF3 /* Debug */ = {
			isa = XCBuildConfiguration;
			buildSettings = {
				ASSETCATALOG_COMPILER_APPICON_NAME = AppIcon;
				ASSETCATALOG_COMPILER_LAUNCHIMAGE_NAME = LaunchImage;
				INFOPLIST_FILE = douyu/Info.plist;
				IPHONEOS_DEPLOYMENT_TARGET = 9.0;
				LD_RUNPATH_SEARCH_PATHS = "$(inherited) @executable_path/Frameworks";
				PRODUCT_BUNDLE_IDENTIFIER = com.tapc.douyu;
				PRODUCT_NAME = "$(TARGET_NAME)";
				SWIFT_VERSION = 3.0;
				TARGETED_DEVICE_FAMILY = 1;
			};
			name = Debug;
		};
		05459F071E4AF042007E7DF3 /* Release */ = {
			isa = XCBuildConfiguration;
			buildSettings = {
				ASSETCATALOG_COMPILER_APPICON_NAME = AppIcon;
				ASSETCATALOG_COMPILER_LAUNCHIMAGE_NAME = LaunchImage;
				INFOPLIST_FILE = douyu/Info.plist;
				IPHONEOS_DEPLOYMENT_TARGET = 9.0;
				LD_RUNPATH_SEARCH_PATHS = "$(inherited) @executable_path/Frameworks";
				PRODUCT_BUNDLE_IDENTIFIER = com.tapc.douyu;
				PRODUCT_NAME = "$(TARGET_NAME)";
				SWIFT_VERSION = 3.0;
				TARGETED_DEVICE_FAMILY = 1;
			};
			name = Release;
		};
/* End XCBuildConfiguration section */

/* Begin XCConfigurationList section */
		05459EEE1E4AF041007E7DF3 /* Build configuration list for PBXProject "douyu" */ = {
			isa = XCConfigurationList;
			buildConfigurations = (
				05459F031E4AF042007E7DF3 /* Debug */,
				05459F041E4AF042007E7DF3 /* Release */,
			);
			defaultConfigurationIsVisible = 0;
			defaultConfigurationName = Release;
		};
		05459F051E4AF042007E7DF3 /* Build configuration list for PBXNativeTarget "douyu" */ = {
			isa = XCConfigurationList;
			buildConfigurations = (
				05459F061E4AF042007E7DF3 /* Debug */,
				05459F071E4AF042007E7DF3 /* Release */,
			);
			defaultConfigurationIsVisible = 0;
		};
/* End XCConfigurationList section */
	};
	rootObject = 05459EEB1E4AF041007E7DF3 /* Project object */;
}
